PODS:
  - Alamofire (4.7.3)
  - Differentiator (3.1.0)
  - DZNEmptyDataSet (1.8.1)
  - EZSwiftExtensions (1.11)
  - FCUUID (1.3.1):
    - UICKeyChainStore (~> 2.1.0)
  - Hyphenate (3.5.1)
  - IQKeyboardManagerSwift (6.1.1)
  - Kingfisher (4.2.0)
  - KMNavigationBarTransition (1.1.5)
  - MJRefresh (3.1.15.7)
  - Moya (11.0.2):
    - Moya/Core (= 11.0.2)
  - Moya/Core (11.0.2):
    - Alamofire (~> 4.1)
    - Result (~> 3.0)
  - Moya/RxSwift (11.0.2):
    - Moya/Core
    - RxSwift (~> 4.0)
  - ObjectMapper (3.3.0)
  - ReachabilitySwift (4.3.0)
  - Result (3.2.4)
  - RxCocoa (4.3.1):
    - RxSwift (~> 4.0)
  - RxDataSources (3.1.0):
    - Differentiator (~> 3.0)
    - RxCocoa (~> 4.0)
    - RxSwift (~> 4.0)
  - RxSwift (4.3.1)
  - SideMenu (4.0.0)
  - SnapKit (4.0.1)
  - SVProgressHUD (2.2.5)
  - SwiftyJSON (4.2.0)
  - UICKeyChainStore (2.1.1)
  - VTMagic (1.2.4):
    - VTMagic/Core (= 1.2.4)
  - VTMagic/Core (1.2.4)

DEPENDENCIES:
  - DZNEmptyDataSet
  - EZSwiftExtensions (from `https://github.com/goktugyil/EZSwiftExtensions.git`, branch `swift4tag`)
  - FCUUID
  - Hyphenate (~> 3.5.1)
  - IQKeyboardManagerSwift
  - Kingfisher (~> 4.2.0)
  - KMNavigationBarTransition
  - MJRefresh
  - Moya
  - Moya/RxSwift
  - ObjectMapper
  - ReachabilitySwift
  - RxDataSources
  - SideMenu (~> 4.0.0)
  - SnapKit
  - SVProgressHUD (from `https://github.com/Fidetro/SVProgressHUD.git`)
  - SwiftyJSON
  - VTMagic (from `https://github.com/aycgithub/VTMagic.git`)

SPEC REPOS:
  https://github.com/cocoapods/specs.git:
    - Alamofire
    - Differentiator
    - DZNEmptyDataSet
    - FCUUID
    - Hyphenate
    - IQKeyboardManagerSwift
    - Kingfisher
    - KMNavigationBarTransition
    - MJRefresh
    - Moya
    - ObjectMapper
    - ReachabilitySwift
    - Result
    - RxCocoa
    - RxDataSources
    - RxSwift
    - SideMenu
    - SnapKit
    - SwiftyJSON
    - UICKeyChainStore

EXTERNAL SOURCES:
  EZSwiftExtensions:
    :branch: swift4tag
    :git: https://github.com/goktugyil/EZSwiftExtensions.git
  SVProgressHUD:
    :git: https://github.com/Fidetro/SVProgressHUD.git
  VTMagic:
    :git: https://github.com/aycgithub/VTMagic.git

CHECKOUT OPTIONS:
  EZSwiftExtensions:
    :commit: 18f1e98c9776ac793e1364e1155c9f5e2d91071d
    :git: https://github.com/goktugyil/EZSwiftExtensions.git
  SVProgressHUD:
    :commit: c4931f7a1accff0aefc8ef19487db87fcb92224d
    :git: https://github.com/Fidetro/SVProgressHUD.git
  VTMagic:
    :commit: 4767af132ffe1d20833886e61fc8af36877b9e9c
    :git: https://github.com/aycgithub/VTMagic.git

SPEC CHECKSUMS:
  Alamofire: c7287b6e5d7da964a70935e5db17046b7fde6568
  Differentiator: be49ca3408f0ecfc761e4c7763d20c62be01b9ad
  DZNEmptyDataSet: 9525833b9e68ac21c30253e1d3d7076cc828eaa7
  EZSwiftExtensions: 9d3dc8a51818e2fbfd11099b38a2c47d0ca693d0
  FCUUID: bb054fc90cd7cd99320f9f6ff8e130fe607fba05
  Hyphenate: 02e3934f1bef0c25e6e5f46bd0940df740922957
  IQKeyboardManagerSwift: 977affaeb4d6e971975c7790a6850f31d38f1207
  Kingfisher: 9ee7e788d8ba07c3f21ce0d43f33cec310a4f781
  KMNavigationBarTransition: 7a52c9bc25b39b6e3343e980b453facee1591b82
  MJRefresh: 697f8ec75ebdbe9207767bb682cf0f51b0d8a41f
  Moya: a725035953bc1c0eb1be505ab903984501d82440
  ObjectMapper: b612bf8c8e99c4dc0bb6013a51f7c27966ed5da9
  ReachabilitySwift: 408477d1b6ed9779dba301953171e017c31241f3
  Result: d2d07204ce72856f1fd9130bbe42c35a7b0fea10
  RxCocoa: 78763c7b07d02455598d9fc3c1ad091a28b73635
  RxDataSources: a843bad90c29817f5923ec8163f4af2de084ceb3
  RxSwift: fe0fd770a43acdb7d0a53da411c9b892e69bb6e4
  SideMenu: 70ee5657df63ec3382660ec4ef470bf1cf5db07d
  SnapKit: 0de968a9fec17499afa29683b05d0c775b6d1c29
  SVProgressHUD: 1428aafac632c1f86f62aa4243ec12008d7a51d6
  SwiftyJSON: c4bcba26dd9ec7a027fc8eade48e2c911f229e96
  UICKeyChainStore: 239558492fa260531a0774cfc611ea83a6eaff3a
  VTMagic: b49e5f456dbcbfd9a3588ba92417233a105bc193

PODFILE CHECKSUM: 8e22d783023c87eafce627db127bb4d767bbf3a6

COCOAPODS: 1.6.0.beta.2
